// !$*UTF8*$!
{
	archiveVersion = 1;
	classes = {
	};
	objectVersion = 77;
	objects = {

/* Begin PBXBuildFile section */
		049704DA1D410CFD3A178D32 /* LifeEvent.swift in Sources */ = {isa = PBXBuildFile; fileRef = 16227A4839647AFBA7A180B3 /* LifeEvent.swift */; };
		0BEF69BC7FE2F08170D7497F /* Karma.swift in Sources */ = {isa = PBXBuildFile; fileRef = 191CFE029B162705310C44DF /* Karma.swift */; };
		1417C148A884AD3D4ADDD301 /* cambodia.json in Resources */ = {isa = PBXBuildFile; fileRef = CF6E2DABB66EC72F23B799B7 /* cambodia.json */; };
		179C2E5EC4B448764B97842B /* FestivalEngine.swift in Sources */ = {isa = PBXBuildFile; fileRef = 15BACFDF35E0AA267C6A5F66 /* FestivalEngine.swift */; };
		291778A5386AF32DCDDFFC32 /* PrivacyInfo.xcprivacy in Resources */ = {isa = PBXBuildFile; fileRef = 577C37C9A5FEC5EE93F52123 /* PrivacyInfo.xcprivacy */; };
		34707B4BCA43FDAB029A5FEF /* GameEvent.swift in Sources */ = {isa = PBXBuildFile; fileRef = 11449BFCE0E7FA339199D2C7 /* GameEvent.swift */; };
		35209C438EC53E74FF5C96CB /* thailand.json in Resources */ = {isa = PBXBuildFile; fileRef = DB2635D6ED2E1ABC9F9C1D4A /* thailand.json */; };
		360F1F1A650910CFB86AA1EC /* PersistenceManager.swift in Sources */ = {isa = PBXBuildFile; fileRef = 63416DCEA70FA8B3E36AAFB1 /* PersistenceManager.swift */; };
		376ED2373F19E74CF5E5D09C /* Formatting.swift in Sources */ = {isa = PBXBuildFile; fileRef = 3C3BEBF180261F8BF1E5123E /* Formatting.swift */; };
		39A8E14701E2A73B1036581E /* GlossaryTerm.swift in Sources */ = {isa = PBXBuildFile; fileRef = F367EAE5E626933BC99409C9 /* GlossaryTerm.swift */; };
		3BAE2304BE05B85253DCE7E6 /* TimelineView.swift in Sources */ = {isa = PBXBuildFile; fileRef = 8E3F9DAEBD66197135FE5A54 /* TimelineView.swift */; };
		3E55873675DF24B3E73419E9 /* Relationship.swift in Sources */ = {isa = PBXBuildFile; fileRef = 84D752FBEA32B17C7F4DFACD /* Relationship.swift */; };
		3F919A7B9814F4737C2BA331 /* GameEngine.swift in Sources */ = {isa = PBXBuildFile; fileRef = 9A7C931194EC5F15A3690C25 /* GameEngine.swift */; };
		4BAB3D07D95B408EDDD7F613 /* KarmaEngine.swift in Sources */ = {isa = PBXBuildFile; fileRef = 54CF9893FAF09C7A3A3EFDCB /* KarmaEngine.swift */; };
		53FE54E1A06DC7475CAEC12E /* Festival.swift in Sources */ = {isa = PBXBuildFile; fileRef = 3581F5E7DF84114DA0BB8CEA /* Festival.swift */; };
		5C56ACF1A9A210738D0DB766 /* KarmaVisualizerView.swift in Sources */ = {isa = PBXBuildFile; fileRef = 97E07730DAAEE20FC2EF66C5 /* KarmaVisualizerView.swift */; };
		5FC0A1A0163A6FAEA6D27B54 /* EncyclopediaView.swift in Sources */ = {isa = PBXBuildFile; fileRef = EDEAED536885411365553D71 /* EncyclopediaView.swift */; };
		64E76CE30BA521875C86D90A /* backgrounds.json in Resources */ = {isa = PBXBuildFile; fileRef = 4E4A44294E48632DD2879ADC /* backgrounds.json */; };
		7BB7C535277B87B1BCE3EC89 /* Stats.swift in Sources */ = {isa = PBXBuildFile; fileRef = 0BDFB1CF5FDD1E10173E3199 /* Stats.swift */; };
		7CCE8B9FDE35CF34137822C0 /* ContentView.swift in Sources */ = {isa = PBXBuildFile; fileRef = E641D35852E9EB344E7456FF /* ContentView.swift */; };
		7CE3675D36396097C6A39E20 /* AudioEngine.swift in Sources */ = {isa = PBXBuildFile; fileRef = E0E881EFE30FEDE56949DB6B /* AudioEngine.swift */; };
		811B9656F99A8FF0EAF61427 /* laos.json in Resources */ = {isa = PBXBuildFile; fileRef = C7C0E3BC8F6D572B9A4BBA08 /* laos.json */; };
		86651B6F5EFE97043BC18041 /* EventCardView.swift in Sources */ = {isa = PBXBuildFile; fileRef = 61ACB6B3A472F886F71EF227 /* EventCardView.swift */; };
		8CB99BA550D03CABE42E0025 /* EventSelector.swift in Sources */ = {isa = PBXBuildFile; fileRef = A9F275EC7DCE7F0D597FE757 /* EventSelector.swift */; };
		8FF985C8A22E3A11A817FB7E /* ProfileView.swift in Sources */ = {isa = PBXBuildFile; fileRef = 8C9868EAE5356DF6919A7204 /* ProfileView.swift */; };
		9584BF68859F6CA70E3BDB23 /* AgeAdvanceView.swift in Sources */ = {isa = PBXBuildFile; fileRef = C17B21C2F453AF86A7E8137F /* AgeAdvanceView.swift */; };
		97446F208FD03EFE3F915AE2 /* StatsPanelView.swift in Sources */ = {isa = PBXBuildFile; fileRef = 31BC52D65AFAB8E5FDC6439C /* StatsPanelView.swift */; };
		98AE7EB7C2CD3C5661DD1F97 /* CustomTabBar.swift in Sources */ = {isa = PBXBuildFile; fileRef = 4FF5A87BF039E3FD6C1957FC /* CustomTabBar.swift */; };
		9D4320A789A9447C8E0E3147 /* GameView.swift in Sources */ = {isa = PBXBuildFile; fileRef = 5953BB2D82FF86A9518E96E8 /* GameView.swift */; };
		A4A5E67E51E7C19FA6AB64A4 /* LifeProgression.swift in Sources */ = {isa = PBXBuildFile; fileRef = 800BBD4E23FB86ECF3CEB68C /* LifeProgression.swift */; };
		A6E05F3745FD415EBEBE90A5 /* shared.json in Resources */ = {isa = PBXBuildFile; fileRef = FFA425EFAA2B6F85B61EAD26 /* shared.json */; };
		AE12F7D64873F219CA86BD4F /* NPCEngine.swift in Sources */ = {isa = PBXBuildFile; fileRef = 1CD04CD9EA218704B3625DA7 /* NPCEngine.swift */; };
		B47C5ED37009B9DEDBD17E0B /* myanmar.json in Resources */ = {isa = PBXBuildFile; fileRef = 3C84CB2C9D3343CF97AC1503 /* myanmar.json */; };
		B556B23A8838ED03D024CE6C /* SoundToggleView.swift in Sources */ = {isa = PBXBuildFile; fileRef = CEFF14F1E382D21AA1A3A919 /* SoundToggleView.swift */; };
		BA3FEB6C9549510E727489BF /* Background.swift in Sources */ = {isa = PBXBuildFile; fileRef = 5C9D9934BF01094AB2402C68 /* Background.swift */; };
		C2812EEEE885BAE88C57281F /* glossary.json in Resources */ = {isa = PBXBuildFile; fileRef = C93F6111815655A2527EA1ED /* glossary.json */; };
		C9B923221B9D44B6EA295010 /* EndOfLifeView.swift in Sources */ = {isa = PBXBuildFile; fileRef = 0BABEB444CC0E1805875CAAB /* EndOfLifeView.swift */; };
		CBE8E9FFCF40A8D523424D76 /* RandomHelpers.swift in Sources */ = {isa = PBXBuildFile; fileRef = 6D7BF20119F435FE8D3E26E2 /* RandomHelpers.swift */; };
		DCABD3C951AAC2A779826408 /* Character.swift in Sources */ = {isa = PBXBuildFile; fileRef = 89B7FD3E8391FFAA65373DD2 /* Character.swift */; };
		DEDEB975BF1AEFE8614C3EA8 /* TitleView.swift in Sources */ = {isa = PBXBuildFile; fileRef = 657FB712E48A0D60030AD211 /* TitleView.swift */; };
		E11AF57FBA8D4D57AAFC4DC4 /* vietnam.json in Resources */ = {isa = PBXBuildFile; fileRef = 9C46B4F9BA5FA21F8715C41F /* vietnam.json */; };
		EBA04FCA93F87508E61CE503 /* Assets.xcassets in Resources */ = {isa = PBXBuildFile; fileRef = EDAAD14A4173D45492FA6FA2 /* Assets.xcassets */; };
		ECB716DB3ABD41AC4AFADD51 /* festivals.json in Resources */ = {isa = PBXBuildFile; fileRef = 58A1996F28E8FDB33C3A019D /* festivals.json */; };
		EE2259F3E1654D50C2AF3BF9 /* ConsequenceEngine.swift in Sources */ = {isa = PBXBuildFile; fileRef = DDF7B7883C18B2CA6D1F01F4 /* ConsequenceEngine.swift */; };
		EF4F2F73356BA6C5D98AFAD8 /* GameState.swift in Sources */ = {isa = PBXBuildFile; fileRef = C26C061951513C95976429A2 /* GameState.swift */; };
		F58ABE28F20336D927A4533B /* BuddhaLifeApp.swift in Sources */ = {isa = PBXBuildFile; fileRef = 40B247FD4C55A4D056E72A1F /* BuddhaLifeApp.swift */; };
/* End PBXBuildFile section */

/* Begin PBXFileReference section */
		086BF3E54E9DA11B581BA421 /* BuddhaLife.app */ = {isa = PBXFileReference; includeInIndex = 0; lastKnownFileType = wrapper.application; path = BuddhaLife.app; sourceTree = BUILT_PRODUCTS_DIR; };
		0BABEB444CC0E1805875CAAB /* EndOfLifeView.swift */ = {isa = PBXFileReference; lastKnownFileType = sourcecode.swift; path = EndOfLifeView.swift; sourceTree = "<group>"; };
		0BDFB1CF5FDD1E10173E3199 /* Stats.swift */ = {isa = PBXFileReference; lastKnownFileType = sourcecode.swift; path = Stats.swift; sourceTree = "<group>"; };
		11449BFCE0E7FA339199D2C7 /* GameEvent.swift */ = {isa = PBXFileReference; lastKnownFileType = sourcecode.swift; path = GameEvent.swift; sourceTree = "<group>"; };
		15BACFDF35E0AA267C6A5F66 /* FestivalEngine.swift */ = {isa = PBXFileReference; lastKnownFileType = sourcecode.swift; path = FestivalEngine.swift; sourceTree = "<group>"; };
		16227A4839647AFBA7A180B3 /* LifeEvent.swift */ = {isa = PBXFileReference; lastKnownFileType = sourcecode.swift; path = LifeEvent.swift; sourceTree = "<group>"; };
		191CFE029B162705310C44DF /* Karma.swift */ = {isa = PBXFileReference; lastKnownFileType = sourcecode.swift; path = Karma.swift; sourceTree = "<group>"; };
		1CD04CD9EA218704B3625DA7 /* NPCEngine.swift */ = {isa = PBXFileReference; lastKnownFileType = sourcecode.swift; path = NPCEngine.swift; sourceTree = "<group>"; };
		29332AD7F6E02C8C1F0A25C8 /* Info.plist */ = {isa = PBXFileReference; lastKnownFileType = text.plist; path = Info.plist; sourceTree = "<group>"; };
		31BC52D65AFAB8E5FDC6439C /* StatsPanelView.swift */ = {isa = PBXFileReference; lastKnownFileType = sourcecode.swift; path = StatsPanelView.swift; sourceTree = "<group>"; };
		3581F5E7DF84114DA0BB8CEA /* Festival.swift */ = {isa = PBXFileReference; lastKnownFileType = sourcecode.swift; path = Festival.swift; sourceTree = "<group>"; };
		3C3BEBF180261F8BF1E5123E /* Formatting.swift */ = {isa = PBXFileReference; lastKnownFileType = sourcecode.swift; path = Formatting.swift; sourceTree = "<group>"; };
		3C84CB2C9D3343CF97AC1503 /* myanmar.json */ = {isa = PBXFileReference; lastKnownFileType = text.json; path = myanmar.json; sourceTree = "<group>"; };
		40B247FD4C55A4D056E72A1F /* BuddhaLifeApp.swift */ = {isa = PBXFileReference; lastKnownFileType = sourcecode.swift; path = BuddhaLifeApp.swift; sourceTree = "<group>"; };
		4E4A44294E48632DD2879ADC /* backgrounds.json */ = {isa = PBXFileReference; lastKnownFileType = text.json; path = backgrounds.json; sourceTree = "<group>"; };
		4FF5A87BF039E3FD6C1957FC /* CustomTabBar.swift */ = {isa = PBXFileReference; lastKnownFileType = sourcecode.swift; path = CustomTabBar.swift; sourceTree = "<group>"; };
		54CF9893FAF09C7A3A3EFDCB /* KarmaEngine.swift */ = {isa = PBXFileReference; lastKnownFileType = sourcecode.swift; path = KarmaEngine.swift; sourceTree = "<group>"; };
		577C37C9A5FEC5EE93F52123 /* PrivacyInfo.xcprivacy */ = {isa = PBXFileReference; path = PrivacyInfo.xcprivacy; sourceTree = "<group>"; };
		58A1996F28E8FDB33C3A019D /* festivals.json */ = {isa = PBXFileReference; lastKnownFileType = text.json; path = festivals.json; sourceTree = "<group>"; };
		5953BB2D82FF86A9518E96E8 /* GameView.swift */ = {isa = PBXFileReference; lastKnownFileType = sourcecode.swift; path = GameView.swift; sourceTree = "<group>"; };
		5C9D9934BF01094AB2402C68 /* Background.swift */ = {isa = PBXFileReference; lastKnownFileType = sourcecode.swift; path = Background.swift; sourceTree = "<group>"; };
		61ACB6B3A472F886F71EF227 /* EventCardView.swift */ = {isa = PBXFileReference; lastKnownFileType = sourcecode.swift; path = EventCardView.swift; sourceTree = "<group>"; };
		63416DCEA70FA8B3E36AAFB1 /* PersistenceManager.swift */ = {isa = PBXFileReference; lastKnownFileType = sourcecode.swift; path = PersistenceManager.swift; sourceTree = "<group>"; };
		657FB712E48A0D60030AD211 /* TitleView.swift */ = {isa = PBXFileReference; lastKnownFileType = sourcecode.swift; path = TitleView.swift; sourceTree = "<group>"; };
		6D7BF20119F435FE8D3E26E2 /* RandomHelpers.swift */ = {isa = PBXFileReference; lastKnownFileType = sourcecode.swift; path = RandomHelpers.swift; sourceTree = "<group>"; };
		800BBD4E23FB86ECF3CEB68C /* LifeProgression.swift */ = {isa = PBXFileReference; lastKnownFileType = sourcecode.swift; path = LifeProgression.swift; sourceTree = "<group>"; };
		84D752FBEA32B17C7F4DFACD /* Relationship.swift */ = {isa = PBXFileReference; lastKnownFileType = sourcecode.swift; path = Relationship.swift; sourceTree = "<group>"; };
		89B7FD3E8391FFAA65373DD2 /* Character.swift */ = {isa = PBXFileReference; lastKnownFileType = sourcecode.swift; path = Character.swift; sourceTree = "<group>"; };
		8C9868EAE5356DF6919A7204 /* ProfileView.swift */ = {isa = PBXFileReference; lastKnownFileType = sourcecode.swift; path = ProfileView.swift; sourceTree = "<group>"; };
		8E3F9DAEBD66197135FE5A54 /* TimelineView.swift */ = {isa = PBXFileReference; lastKnownFileType = sourcecode.swift; path = TimelineView.swift; sourceTree = "<group>"; };
		97E07730DAAEE20FC2EF66C5 /* KarmaVisualizerView.swift */ = {isa = PBXFileReference; lastKnownFileType = sourcecode.swift; path = KarmaVisualizerView.swift; sourceTree = "<group>"; };
		9A7C931194EC5F15A3690C25 /* GameEngine.swift */ = {isa = PBXFileReference; lastKnownFileType = sourcecode.swift; path = GameEngine.swift; sourceTree = "<group>"; };
		9C46B4F9BA5FA21F8715C41F /* vietnam.json */ = {isa = PBXFileReference; lastKnownFileType = text.json; path = vietnam.json; sourceTree = "<group>"; };
		A9F275EC7DCE7F0D597FE757 /* EventSelector.swift */ = {isa = PBXFileReference; lastKnownFileType = sourcecode.swift; path = EventSelector.swift; sourceTree = "<group>"; };
		C17B21C2F453AF86A7E8137F /* AgeAdvanceView.swift */ = {isa = PBXFileReference; lastKnownFileType = sourcecode.swift; path = AgeAdvanceView.swift; sourceTree = "<group>"; };
		C26C061951513C95976429A2 /* GameState.swift */ = {isa = PBXFileReference; lastKnownFileType = sourcecode.swift; path = GameState.swift; sourceTree = "<group>"; };
		C7C0E3BC8F6D572B9A4BBA08 /* laos.json */ = {isa = PBXFileReference; lastKnownFileType = text.json; path = laos.json; sourceTree = "<group>"; };
		C93F6111815655A2527EA1ED /* glossary.json */ = {isa = PBXFileReference; lastKnownFileType = text.json; path = glossary.json; sourceTree = "<group>"; };
		CEFF14F1E382D21AA1A3A919 /* SoundToggleView.swift */ = {isa = PBXFileReference; lastKnownFileType = sourcecode.swift; path = SoundToggleView.swift; sourceTree = "<group>"; };
		CF6E2DABB66EC72F23B799B7 /* cambodia.json */ = {isa = PBXFileReference; lastKnownFileType = text.json; path = cambodia.json; sourceTree = "<group>"; };
		DB2635D6ED2E1ABC9F9C1D4A /* thailand.json */ = {isa = PBXFileReference; lastKnownFileType = text.json; path = thailand.json; sourceTree = "<group>"; };
		DDF7B7883C18B2CA6D1F01F4 /* ConsequenceEngine.swift */ = {isa = PBXFileReference; lastKnownFileType = sourcecode.swift; path = ConsequenceEngine.swift; sourceTree = "<group>"; };
		E0E881EFE30FEDE56949DB6B /* AudioEngine.swift */ = {isa = PBXFileReference; lastKnownFileType = sourcecode.swift; path = AudioEngine.swift; sourceTree = "<group>"; };
		E641D35852E9EB344E7456FF /* ContentView.swift */ = {isa = PBXFileReference; lastKnownFileType = sourcecode.swift; path = ContentView.swift; sourceTree = "<group>"; };
		EDAAD14A4173D45492FA6FA2 /* Assets.xcassets */ = {isa = PBXFileReference; lastKnownFileType = folder.assetcatalog; path = Assets.xcassets; sourceTree = "<group>"; };
		EDEAED536885411365553D71 /* EncyclopediaView.swift */ = {isa = PBXFileReference; lastKnownFileType = sourcecode.swift; path = EncyclopediaView.swift; sourceTree = "<group>"; };
		F367EAE5E626933BC99409C9 /* GlossaryTerm.swift */ = {isa = PBXFileReference; lastKnownFileType = sourcecode.swift; path = GlossaryTerm.swift; sourceTree = "<group>"; };
		FFA425EFAA2B6F85B61EAD26 /* shared.json */ = {isa = PBXFileReference; lastKnownFileType = text.json; path = shared.json; sourceTree = "<group>"; };
/* End PBXFileReference section */

/* Begin PBXGroup section */
		282D9D2FFA10EE82F341D84F /* Components */ = {
			isa = PBXGroup;
			children = (
				C17B21C2F453AF86A7E8137F /* AgeAdvanceView.swift */,
				4FF5A87BF039E3FD6C1957FC /* CustomTabBar.swift */,
				61ACB6B3A472F886F71EF227 /* EventCardView.swift */,
				97E07730DAAEE20FC2EF66C5 /* KarmaVisualizerView.swift */,
				8C9868EAE5356DF6919A7204 /* ProfileView.swift */,
				CEFF14F1E382D21AA1A3A919 /* SoundToggleView.swift */,
				31BC52D65AFAB8E5FDC6439C /* StatsPanelView.swift */,
				8E3F9DAEBD66197135FE5A54 /* TimelineView.swift */,
			);
			path = Components;
			sourceTree = "<group>";
		};
		75A797A84DC7F89A9B555133 /* Utilities */ = {
			isa = PBXGroup;
			children = (
				3C3BEBF180261F8BF1E5123E /* Formatting.swift */,
				6D7BF20119F435FE8D3E26E2 /* RandomHelpers.swift */,
			);
			path = Utilities;
			sourceTree = "<group>";
		};
		9035A86FFD9C41CD1CF2130D /* Resources */ = {
			isa = PBXGroup;
			children = (
				4E4A44294E48632DD2879ADC /* backgrounds.json */,
				58A1996F28E8FDB33C3A019D /* festivals.json */,
				C93F6111815655A2527EA1ED /* glossary.json */,
				FD01516793958C0C7072327B /* events */,
			);
			path = Resources;
			sourceTree = "<group>";
		};
		90A353E1DF7363732A58A806 /* BuddhaLife */ = {
			isa = PBXGroup;
			children = (
				EDAAD14A4173D45492FA6FA2 /* Assets.xcassets */,
				40B247FD4C55A4D056E72A1F /* BuddhaLifeApp.swift */,
				E641D35852E9EB344E7456FF /* ContentView.swift */,
				29332AD7F6E02C8C1F0A25C8 /* Info.plist */,
				577C37C9A5FEC5EE93F52123 /* PrivacyInfo.xcprivacy */,
				9A80CFC18253893A446B31D8 /* Engine */,
				E172025D4A5ABEEB734378A3 /* Models */,
				9035A86FFD9C41CD1CF2130D /* Resources */,
				75A797A84DC7F89A9B555133 /* Utilities */,
				D10FE199116951B3ADA716B8 /* Views */,
			);
			path = BuddhaLife;
			sourceTree = "<group>";
		};
		9A80CFC18253893A446B31D8 /* Engine */ = {
			isa = PBXGroup;
			children = (
				E0E881EFE30FEDE56949DB6B /* AudioEngine.swift */,
				DDF7B7883C18B2CA6D1F01F4 /* ConsequenceEngine.swift */,
				A9F275EC7DCE7F0D597FE757 /* EventSelector.swift */,
				15BACFDF35E0AA267C6A5F66 /* FestivalEngine.swift */,
				9A7C931194EC5F15A3690C25 /* GameEngine.swift */,
				54CF9893FAF09C7A3A3EFDCB /* KarmaEngine.swift */,
				800BBD4E23FB86ECF3CEB68C /* LifeProgression.swift */,
				1CD04CD9EA218704B3625DA7 /* NPCEngine.swift */,
				63416DCEA70FA8B3E36AAFB1 /* PersistenceManager.swift */,
			);
			path = Engine;
			sourceTree = "<group>";
		};
		AD8231C1A7B549C9C6687E4E = {
			isa = PBXGroup;
			children = (
				90A353E1DF7363732A58A806 /* BuddhaLife */,
				D2BE1A8BEFD232817B33FE11 /* Products */,
			);
			sourceTree = "<group>";
		};
		CDA4F534130C95FE0A727607 /* Screens */ = {
			isa = PBXGroup;
			children = (
				EDEAED536885411365553D71 /* EncyclopediaView.swift */,
				0BABEB444CC0E1805875CAAB /* EndOfLifeView.swift */,
				5953BB2D82FF86A9518E96E8 /* GameView.swift */,
				657FB712E48A0D60030AD211 /* TitleView.swift */,
			);
			path = Screens;
			sourceTree = "<group>";
		};
		D10FE199116951B3ADA716B8 /* Views */ = {
			isa = PBXGroup;
			children = (
				282D9D2FFA10EE82F341D84F /* Components */,
				CDA4F534130C95FE0A727607 /* Screens */,
			);
			path = Views;
			sourceTree = "<group>";
		};
		D2BE1A8BEFD232817B33FE11 /* Products */ = {
			isa = PBXGroup;
			children = (
				086BF3E54E9DA11B581BA421 /* BuddhaLife.app */,
			);
			name = Products;
			sourceTree = "<group>";
		};
		E172025D4A5ABEEB734378A3 /* Models */ = {
			isa = PBXGroup;
			children = (
				5C9D9934BF01094AB2402C68 /* Background.swift */,
				89B7FD3E8391FFAA65373DD2 /* Character.swift */,
				3581F5E7DF84114DA0BB8CEA /* Festival.swift */,
				11449BFCE0E7FA339199D2C7 /* GameEvent.swift */,
				C26C061951513C95976429A2 /* GameState.swift */,
				F367EAE5E626933BC99409C9 /* GlossaryTerm.swift */,
				191CFE029B162705310C44DF /* Karma.swift */,
				16227A4839647AFBA7A180B3 /* LifeEvent.swift */,
				84D752FBEA32B17C7F4DFACD /* Relationship.swift */,
				0BDFB1CF5FDD1E10173E3199 /* Stats.swift */,
			);
			path = Models;
			sourceTree = "<group>";
		};
		FD01516793958C0C7072327B /* events */ = {
			isa = PBXGroup;
			children = (
				CF6E2DABB66EC72F23B799B7 /* cambodia.json */,
				C7C0E3BC8F6D572B9A4BBA08 /* laos.json */,
				3C84CB2C9D3343CF97AC1503 /* myanmar.json */,
				FFA425EFAA2B6F85B61EAD26 /* shared.json */,
				DB2635D6ED2E1ABC9F9C1D4A /* thailand.json */,
				9C46B4F9BA5FA21F8715C41F /* vietnam.json */,
			);
			path = events;
			sourceTree = "<group>";
		};
/* End PBXGroup section */

/* Begin PBXNativeTarget section */
		77F27984F76890D61F4F055B /* BuddhaLife */ = {
			isa = PBXNativeTarget;
			buildConfigurationList = BF57ABAFC5AED886EF77089F /* Build configuration list for PBXNativeTarget "BuddhaLife" */;
			buildPhases = (
				835D280D60B8298364BF13A1 /* Sources */,
				6BFF0C9BFD1E7050D9E3B0E9 /* Resources */,
			);
			buildRules = (
			);
			dependencies = (
			);
			name = BuddhaLife;
			packageProductDependencies = (
			);
			productName = BuddhaLife;
			productReference = 086BF3E54E9DA11B581BA421 /* BuddhaLife.app */;
			productType = "com.apple.product-type.application";
		};
/* End PBXNativeTarget section */

/* Begin PBXProject section */
		E967E308C24F3FB9AFD37F38 /* Project object */ = {
			isa = PBXProject;
			attributes = {
				BuildIndependentTargetsInParallel = YES;
				LastUpgradeCheck = 1600;
			};
			buildConfigurationList = D949D368BB8B3E6CE6342920 /* Build configuration list for PBXProject "BuddhaLife" */;
			compatibilityVersion = "Xcode 14.0";
			developmentRegion = en;
			hasScannedForEncodings = 0;
			knownRegions = (
				Base,
				en,
			);
			mainGroup = AD8231C1A7B549C9C6687E4E;
			minimizedProjectReferenceProxies = 1;
			preferredProjectObjectVersion = 77;
			projectDirPath = "";
			projectRoot = "";
			targets = (
				77F27984F76890D61F4F055B /* BuddhaLife */,
			);
		};
/* End PBXProject section */

/* Begin PBXResourcesBuildPhase section */
		6BFF0C9BFD1E7050D9E3B0E9 /* Resources */ = {
			isa = PBXResourcesBuildPhase;
			buildActionMask = 2147483647;
			files = (
				EBA04FCA93F87508E61CE503 /* Assets.xcassets in Resources */,
				291778A5386AF32DCDDFFC32 /* PrivacyInfo.xcprivacy in Resources */,
				64E76CE30BA521875C86D90A /* backgrounds.json in Resources */,
				1417C148A884AD3D4ADDD301 /* cambodia.json in Resources */,
				ECB716DB3ABD41AC4AFADD51 /* festivals.json in Resources */,
				C2812EEEE885BAE88C57281F /* glossary.json in Resources */,
				811B9656F99A8FF0EAF61427 /* laos.json in Resources */,
				B47C5ED37009B9DEDBD17E0B /* myanmar.json in Resources */,
				A6E05F3745FD415EBEBE90A5 /* shared.json in Resources */,
				35209C438EC53E74FF5C96CB /* thailand.json in Resources */,
				E11AF57FBA8D4D57AAFC4DC4 /* vietnam.json in Resources */,
			);
			runOnlyForDeploymentPostprocessing = 0;
		};
/* End PBXResourcesBuildPhase section */

/* Begin PBXSourcesBuildPhase section */
		835D280D60B8298364BF13A1 /* Sources */ = {
			isa = PBXSourcesBuildPhase;
			buildActionMask = 2147483647;
			files = (
				9584BF68859F6CA70E3BDB23 /* AgeAdvanceView.swift in Sources */,
				7CE3675D36396097C6A39E20 /* AudioEngine.swift in Sources */,
				BA3FEB6C9549510E727489BF /* Background.swift in Sources */,
				F58ABE28F20336D927A4533B /* BuddhaLifeApp.swift in Sources */,
				DCABD3C951AAC2A779826408 /* Character.swift in Sources */,
				EE2259F3E1654D50C2AF3BF9 /* ConsequenceEngine.swift in Sources */,
				7CCE8B9FDE35CF34137822C0 /* ContentView.swift in Sources */,
				98AE7EB7C2CD3C5661DD1F97 /* CustomTabBar.swift in Sources */,
				5FC0A1A0163A6FAEA6D27B54 /* EncyclopediaView.swift in Sources */,
				C9B923221B9D44B6EA295010 /* EndOfLifeView.swift in Sources */,
				86651B6F5EFE97043BC18041 /* EventCardView.swift in Sources */,
				8CB99BA550D03CABE42E0025 /* EventSelector.swift in Sources */,
				53FE54E1A06DC7475CAEC12E /* Festival.swift in Sources */,
				179C2E5EC4B448764B97842B /* FestivalEngine.swift in Sources */,
				376ED2373F19E74CF5E5D09C /* Formatting.swift in Sources */,
				3F919A7B9814F4737C2BA331 /* GameEngine.swift in Sources */,
				34707B4BCA43FDAB029A5FEF /* GameEvent.swift in Sources */,
				EF4F2F73356BA6C5D98AFAD8 /* GameState.swift in Sources */,
				9D4320A789A9447C8E0E3147 /* GameView.swift in Sources */,
				39A8E14701E2A73B1036581E /* GlossaryTerm.swift in Sources */,
				0BEF69BC7FE2F08170D7497F /* Karma.swift in Sources */,
				4BAB3D07D95B408EDDD7F613 /* KarmaEngine.swift in Sources */,
				5C56ACF1A9A210738D0DB766 /* KarmaVisualizerView.swift in Sources */,
				049704DA1D410CFD3A178D32 /* LifeEvent.swift in Sources */,
				A4A5E67E51E7C19FA6AB64A4 /* LifeProgression.swift in Sources */,
				AE12F7D64873F219CA86BD4F /* NPCEngine.swift in Sources */,
				360F1F1A650910CFB86AA1EC /* PersistenceManager.swift in Sources */,
				8FF985C8A22E3A11A817FB7E /* ProfileView.swift in Sources */,
				CBE8E9FFCF40A8D523424D76 /* RandomHelpers.swift in Sources */,
				3E55873675DF24B3E73419E9 /* Relationship.swift in Sources */,
				B556B23A8838ED03D024CE6C /* SoundToggleView.swift in Sources */,
				7BB7C535277B87B1BCE3EC89 /* Stats.swift in Sources */,
				97446F208FD03EFE3F915AE2 /* StatsPanelView.swift in Sources */,
				3BAE2304BE05B85253DCE7E6 /* TimelineView.swift in Sources */,
				DEDEB975BF1AEFE8614C3EA8 /* TitleView.swift in Sources */,
			);
			runOnlyForDeploymentPostprocessing = 0;
		};
/* End PBXSourcesBuildPhase section */

/* Begin XCBuildConfiguration section */
		2A212B53027F54723953B8DB /* Release */ = {
			isa = XCBuildConfiguration;
			buildSettings = {
				ASSETCATALOG_COMPILER_APPICON_NAME = AppIcon;
				CODE_SIGN_IDENTITY = "iPhone Developer";
				CURRENT_PROJECT_VERSION = 1;
				INFOPLIST_FILE = BuddhaLife/Info.plist;
				INFOPLIST_KEY_LSApplicationCategoryType = "public.app-category.simulation-games";
				LD_RUNPATH_SEARCH_PATHS = (
					"$(inherited)",
					"@executable_path/Frameworks",
				);
				MARKETING_VERSION = 1.0.0;
				PRODUCT_BUNDLE_IDENTIFIER = com.buddhalife.app;
				SDKROOT = iphoneos;
				SWIFT_STRICT_CONCURRENCY = complete;
				TARGETED_DEVICE_FAMILY = 1;
			};
			name = Release;
		};
		2C5E10AEEB2DFB26D4BDDBC8 /* Debug */ = {
			isa = XCBuildConfiguration;
			buildSettings = {
				ALWAYS_SEARCH_USER_PATHS = NO;
				CLANG_ANALYZER_NONNULL = YES;
				CLANG_ANALYZER_NUMBER_OBJECT_CONVERSION = YES_AGGRESSIVE;
				CLANG_CXX_LANGUAGE_STANDARD = "gnu++14";
				CLANG_CXX_LIBRARY = "libc++";
				CLANG_ENABLE_MODULES = YES;
				CLANG_ENABLE_OBJC_ARC = YES;
				CLANG_ENABLE_OBJC_WEAK = YES;
				CLANG_WARN_BLOCK_CAPTURE_AUTORELEASING = YES;
				CLANG_WARN_BOOL_CONVERSION = YES;
				CLANG_WARN_COMMA = YES;
				CLANG_WARN_CONSTANT_CONVERSION = YES;
				CLANG_WARN_DEPRECATED_OBJC_IMPLEMENTATIONS = YES;
				CLANG_WARN_DIRECT_OBJC_ISA_USAGE = YES_ERROR;
				CLANG_WARN_DOCUMENTATION_COMMENTS = YES;
				CLANG_WARN_EMPTY_BODY = YES;
				CLANG_WARN_ENUM_CONVERSION = YES;
				CLANG_WARN_INFINITE_RECURSION = YES;
				CLANG_WARN_INT_CONVERSION = YES;
				CLANG_WARN_NON_LITERAL_NULL_CONVERSION = YES;
				CLANG_WARN_OBJC_IMPLICIT_RETAIN_SELF = YES;
				CLANG_WARN_OBJC_LITERAL_CONVERSION = YES;
				CLANG_WARN_OBJC_ROOT_CLASS = YES_ERROR;
				CLANG_WARN_QUOTED_INCLUDE_IN_FRAMEWORK_HEADER = YES;
				CLANG_WARN_RANGE_LOOP_ANALYSIS = YES;
				CLANG_WARN_STRICT_PROTOTYPES = YES;
				CLANG_WARN_SUSPICIOUS_MOVE = YES;
				CLANG_WARN_UNGUARDED_AVAILABILITY = YES_AGGRESSIVE;
				CLANG_WARN_UNREACHABLE_CODE = YES;
				CLANG_WARN__DUPLICATE_METHOD_MATCH = YES;
				COPY_PHASE_STRIP = NO;
				DEBUG_INFORMATION_FORMAT = dwarf;
				ENABLE_STRICT_OBJC_MSGSEND = YES;
				ENABLE_TESTABILITY = YES;
				GCC_C_LANGUAGE_STANDARD = gnu11;
				GCC_DYNAMIC_NO_PIC = NO;
				GCC_NO_COMMON_BLOCKS = YES;
				GCC_OPTIMIZATION_LEVEL = 0;
				GCC_PREPROCESSOR_DEFINITIONS = (
					"$(inherited)",
					"DEBUG=1",
				);
				GCC_WARN_64_TO_32_BIT_CONVERSION = YES;
				GCC_WARN_ABOUT_RETURN_TYPE = YES_ERROR;
				GCC_WARN_UNDECLARED_SELECTOR = YES;
				GCC_WARN_UNINITIALIZED_AUTOS = YES_AGGRESSIVE;
				GCC_WARN_UNUSED_FUNCTION = YES;
				GCC_WARN_UNUSED_VARIABLE = YES;
				INFOPLIST_KEY_CFBundleDisplayName = BuddhaLife;
				INFOPLIST_KEY_UILaunchScreen_Generation = YES;
				INFOPLIST_KEY_UIStatusBarStyle = "";
				INFOPLIST_KEY_UISupportedInterfaceOrientations = UIInterfaceOrientationPortrait;
				IPHONEOS_DEPLOYMENT_TARGET = 17.0;
				MTL_ENABLE_DEBUG_INFO = INCLUDE_SOURCE;
				MTL_FAST_MATH = YES;
				ONLY_ACTIVE_ARCH = YES;
				PRODUCT_NAME = "$(TARGET_NAME)";
				SDKROOT = iphoneos;
				SWIFT_ACTIVE_COMPILATION_CONDITIONS = DEBUG;
				SWIFT_OPTIMIZATION_LEVEL = "-Onone";
				SWIFT_VERSION = 6.0;
			};
			name = Debug;
		};
		41C445CBE664D92133AF060C /* Debug */ = {
			isa = XCBuildConfiguration;
			buildSettings = {
				ASSETCATALOG_COMPILER_APPICON_NAME = AppIcon;
				CODE_SIGN_IDENTITY = "iPhone Developer";
				CURRENT_PROJECT_VERSION = 1;
				INFOPLIST_FILE = BuddhaLife/Info.plist;
				INFOPLIST_KEY_LSApplicationCategoryType = "public.app-category.simulation-games";
				LD_RUNPATH_SEARCH_PATHS = (
					"$(inherited)",
					"@executable_path/Frameworks",
				);
				MARKETING_VERSION = 1.0.0;
				PRODUCT_BUNDLE_IDENTIFIER = com.buddhalife.app;
				SDKROOT = iphoneos;
				SWIFT_STRICT_CONCURRENCY = complete;
				TARGETED_DEVICE_FAMILY = 1;
			};
			name = Debug;
		};
		B04FF8D82608BD35E94AB57A /* Release */ = {
			isa = XCBuildConfiguration;
			buildSettings = {
				ALWAYS_SEARCH_USER_PATHS = NO;
				CLANG_ANALYZER_NONNULL = YES;
				CLANG_ANALYZER_NUMBER_OBJECT_CONVERSION = YES_AGGRESSIVE;
				CLANG_CXX_LANGUAGE_STANDARD = "gnu++14";
				CLANG_CXX_LIBRARY = "libc++";
				CLANG_ENABLE_MODULES = YES;
				CLANG_ENABLE_OBJC_ARC = YES;
				CLANG_ENABLE_OBJC_WEAK = YES;
				CLANG_WARN_BLOCK_CAPTURE_AUTORELEASING = YES;
				CLANG_WARN_BOOL_CONVERSION = YES;
				CLANG_WARN_COMMA = YES;
				CLANG_WARN_CONSTANT_CONVERSION = YES;
				CLANG_WARN_DEPRECATED_OBJC_IMPLEMENTATIONS = YES;
				CLANG_WARN_DIRECT_OBJC_ISA_USAGE = YES_ERROR;
				CLANG_WARN_DOCUMENTATION_COMMENTS = YES;
				CLANG_WARN_EMPTY_BODY = YES;
				CLANG_WARN_ENUM_CONVERSION = YES;
				CLANG_WARN_INFINITE_RECURSION = YES;
				CLANG_WARN_INT_CONVERSION = YES;
				CLANG_WARN_NON_LITERAL_NULL_CONVERSION = YES;
				CLANG_WARN_OBJC_IMPLICIT_RETAIN_SELF = YES;
				CLANG_WARN_OBJC_LITERAL_CONVERSION = YES;
				CLANG_WARN_OBJC_ROOT_CLASS = YES_ERROR;
				CLANG_WARN_QUOTED_INCLUDE_IN_FRAMEWORK_HEADER = YES;
				CLANG_WARN_RANGE_LOOP_ANALYSIS = YES;
				CLANG_WARN_STRICT_PROTOTYPES = YES;
				CLANG_WARN_SUSPICIOUS_MOVE = YES;
				CLANG_WARN_UNGUARDED_AVAILABILITY = YES_AGGRESSIVE;
				CLANG_WARN_UNREACHABLE_CODE = YES;
				CLANG_WARN__DUPLICATE_METHOD_MATCH = YES;
				COPY_PHASE_STRIP = NO;
				DEBUG_INFORMATION_FORMAT = "dwarf-with-dsym";
				ENABLE_NS_ASSERTIONS = NO;
				ENABLE_STRICT_OBJC_MSGSEND = YES;
				GCC_C_LANGUAGE_STANDARD = gnu11;
				GCC_NO_COMMON_BLOCKS = YES;
				GCC_WARN_64_TO_32_BIT_CONVERSION = YES;
				GCC_WARN_ABOUT_RETURN_TYPE = YES_ERROR;
				GCC_WARN_UNDECLARED_SELECTOR = YES;
				GCC_WARN_UNINITIALIZED_AUTOS = YES_AGGRESSIVE;
				GCC_WARN_UNUSED_FUNCTION = YES;
				GCC_WARN_UNUSED_VARIABLE = YES;
				INFOPLIST_KEY_CFBundleDisplayName = BuddhaLife;
				INFOPLIST_KEY_UILaunchScreen_Generation = YES;
				INFOPLIST_KEY_UIStatusBarStyle = "";
				INFOPLIST_KEY_UISupportedInterfaceOrientations = UIInterfaceOrientationPortrait;
				IPHONEOS_DEPLOYMENT_TARGET = 17.0;
				MTL_ENABLE_DEBUG_INFO = NO;
				MTL_FAST_MATH = YES;
				PRODUCT_NAME = "$(TARGET_NAME)";
				SDKROOT = iphoneos;
				SWIFT_COMPILATION_MODE = wholemodule;
				SWIFT_OPTIMIZATION_LEVEL = "-O";
				SWIFT_VERSION = 6.0;
			};
			name = Release;
		};
/* End XCBuildConfiguration section */

/* Begin XCConfigurationList section */
		BF57ABAFC5AED886EF77089F /* Build configuration list for PBXNativeTarget "BuddhaLife" */ = {
			isa = XCConfigurationList;
			buildConfigurations = (
				41C445CBE664D92133AF060C /* Debug */,
				2A212B53027F54723953B8DB /* Release */,
			);
			defaultConfigurationIsVisible = 0;
			defaultConfigurationName = Debug;
		};
		D949D368BB8B3E6CE6342920 /* Build configuration list for PBXProject "BuddhaLife" */ = {
			isa = XCConfigurationList;
			buildConfigurations = (
				2C5E10AEEB2DFB26D4BDDBC8 /* Debug */,
				B04FF8D82608BD35E94AB57A /* Release */,
			);
			defaultConfigurationIsVisible = 0;
			defaultConfigurationName = Debug;
		};
/* End XCConfigurationList section */
	};
	rootObject = E967E308C24F3FB9AFD37F38 /* Project object */;
}
